
Microsoft Visual Studio Solution File, Format Version 12.00
# Visual Studio Version 16
VisualStudioVersion = 16.0.31829.152
MinimumVisualStudioVersion = 10.0.40219.1
Project("{FAE04EC0-301F-11D3-BF4B-00C04F79EFBC}") = "h!dden", "h!dden.csproj", "{E044F25C-1FBC-44DA-9E3B-9E981103F2DB}"
EndProject
Global
	GlobalSection(SolutionConfigurationPlatforms) = preSolution
		Debug|Any CPU = Debug|Any CPU
		Release|Any CPU = Release|Any CPU
	EndGlobalSection
	GlobalSection(ProjectConfigurationPlatforms) = postSolution
		{E044F25C-1FBC-44DA-9E3B-9E981103F2DB}.Debug|Any CPU.ActiveCfg = Debug|Any CPU
		{E044F25C-1FBC-44DA-9E3B-9E981103F2DB}.Debug|Any CPU.Build.0 = Debug|Any CPU
		{E044F25C-1FBC-44DA-9E3B-9E981103F2DB}.Release|Any CPU.ActiveCfg = Release|Any CPU
		{E044F25C-1FBC-44DA-9E3B-9E981103F2DB}.Release|Any CPU.Build.0 = Release|Any CPU
	EndGlobalSection
	GlobalSection(SolutionProperties) = preSolution
		HideSolutionNode = FALSE
	EndGlobalSection
	GlobalSection(ExtensibilityGlobals) = postSolution
		SolutionGuid = {396E8AEE-5D33-4EC1-96EE-85EA0549EC36}
	EndGlobalSection
EndGlobal
